
Microsoft Visual Studio Solution File, Format Version 12.00
# Visual Studio Version 17
VisualStudioVersion = 17.6.33815.320
MinimumVisualStudioVersion = 10.0.40219.1
Project("{FAE04EC0-301F-11D3-BF4B-00C04F79EFBC}") = "ObjectComparison.Console", "ObjectComparison.Console\ObjectComparison.Console.csproj", "{C2BE9F06-B70C-4125-80B4-EDB6581E3C61}"
EndProject
Global
	GlobalSection(SolutionConfigurationPlatforms) = preSolution
		Debug|Any CPU = Debug|Any CPU
		Release|Any CPU = Release|Any CPU
	EndGlobalSection
	GlobalSection(ProjectConfigurationPlatforms) = postSolution
		{C2BE9F06-B70C-4125-80B4-EDB6581E3C61}.Debug|Any CPU.ActiveCfg = Debug|Any CPU
		{C2BE9F06-B70C-4125-80B4-EDB6581E3C61}.Debug|Any CPU.Build.0 = Debug|Any CPU
		{C2BE9F06-B70C-4125-80B4-EDB6581E3C61}.Release|Any CPU.ActiveCfg = Release|Any CPU
		{C2BE9F06-B70C-4125-80B4-EDB6581E3C61}.Release|Any CPU.Build.0 = Release|Any CPU
	EndGlobalSection
	GlobalSection(SolutionProperties) = preSolution
		HideSolutionNode = FALSE
	EndGlobalSection
	GlobalSection(ExtensibilityGlobals) = postSolution
		SolutionGuid = {4907AA2F-F602-4DC8-B9B4-EDD14AC1CD20}
	EndGlobalSection
EndGlobal
